
Microsoft Visual Studio Solution File, Format Version 12.00
# Visual Studio Version 16
VisualStudioVersion = 16.0.30114.105
MinimumVisualStudioVersion = 10.0.40219.1
Project("{FAE04EC0-301F-11D3-BF4B-00C04F79EFBC}") = "KTANE-Bot-Server", "KTANE-Bot-Server.csproj", "{5340ABFF-8546-4090-BCC4-0760A6CFB832}"
EndProject
Project("{FAE04EC0-301F-11D3-BF4B-00C04F79EFBC}") = "PropellerApi", "C:\Github\Timwi\Propeller\API\PropellerApi.csproj", "{5770EE79-8340-41FB-9B8E-EB4A3C487FF1}"
EndProject
Project("{FAE04EC0-301F-11D3-BF4B-00C04F79EFBC}") = "RT.Servers", "C:\Github\Timwi\RT.Servers\Src\RT.Servers.csproj", "{A7333C19-56A9-4A8E-A196-7648666EF26A}"
EndProject
Project("{9A19103F-16F7-4668-BE54-9A1E7A4F7556}") = "RT.Util.Core", "C:\Github\Timwi\RT.Util\RT.Util.Core\RT.Util.Core.csproj", "{1239C016-12E4-4F48-B75F-B2FD251A0416}"
EndProject
Global
	GlobalSection(SolutionConfigurationPlatforms) = preSolution
		Debug|Any CPU = Debug|Any CPU
		Release|Any CPU = Release|Any CPU
	EndGlobalSection
	GlobalSection(ProjectConfigurationPlatforms) = postSolution
		{5340ABFF-8546-4090-BCC4-0760A6CFB832}.Debug|Any CPU.ActiveCfg = Debug|Any CPU
		{5340ABFF-8546-4090-BCC4-0760A6CFB832}.Debug|Any CPU.Build.0 = Debug|Any CPU
		{5340ABFF-8546-4090-BCC4-0760A6CFB832}.Release|Any CPU.ActiveCfg = Release|Any CPU
		{5340ABFF-8546-4090-BCC4-0760A6CFB832}.Release|Any CPU.Build.0 = Release|Any CPU
		{5770EE79-8340-41FB-9B8E-EB4A3C487FF1}.Debug|Any CPU.ActiveCfg = Debug|Any CPU
		{5770EE79-8340-41FB-9B8E-EB4A3C487FF1}.Debug|Any CPU.Build.0 = Debug|Any CPU
		{5770EE79-8340-41FB-9B8E-EB4A3C487FF1}.Release|Any CPU.ActiveCfg = Release|Any CPU
		{5770EE79-8340-41FB-9B8E-EB4A3C487FF1}.Release|Any CPU.Build.0 = Release|Any CPU
		{A7333C19-56A9-4A8E-A196-7648666EF26A}.Debug|Any CPU.ActiveCfg = Debug|Any CPU
		{A7333C19-56A9-4A8E-A196-7648666EF26A}.Debug|Any CPU.Build.0 = Debug|Any CPU
		{A7333C19-56A9-4A8E-A196-7648666EF26A}.Release|Any CPU.ActiveCfg = Release|Any CPU
		{A7333C19-56A9-4A8E-A196-7648666EF26A}.Release|Any CPU.Build.0 = Release|Any CPU
		{1239C016-12E4-4F48-B75F-B2FD251A0416}.Debug|Any CPU.ActiveCfg = Debug|Any CPU
		{1239C016-12E4-4F48-B75F-B2FD251A0416}.Debug|Any CPU.Build.0 = Debug|Any CPU
		{1239C016-12E4-4F48-B75F-B2FD251A0416}.Release|Any CPU.ActiveCfg = Release|Any CPU
		{1239C016-12E4-4F48-B75F-B2FD251A0416}.Release|Any CPU.Build.0 = Release|Any CPU
	EndGlobalSection
	GlobalSection(SolutionProperties) = preSolution
		HideSolutionNode = FALSE
	EndGlobalSection
	GlobalSection(ExtensibilityGlobals) = postSolution
		SolutionGuid = {2A64B32A-C400-4A4F-B4E5-428A937AB545}
	EndGlobalSection
EndGlobal
